
Microsoft Visual Studio Solution File, Format Version 12.00
# Visual Studio Version 16
VisualStudioVersion = 16.0.30523.141
MinimumVisualStudioVersion = 10.0.40219.1
Project("{FAE04EC0-301F-11D3-BF4B-00C04F79EFBC}") = "lab_8wpf", "lab_8wpf\lab_8wpf.csproj", "{29CE0715-390F-4736-882C-7B3858C2503C}"
EndProject
Global
	GlobalSection(SolutionConfigurationPlatforms) = preSolution
		Debug|Any CPU = Debug|Any CPU
		Release|Any CPU = Release|Any CPU
	EndGlobalSection
	GlobalSection(ProjectConfigurationPlatforms) = postSolution
		{29CE0715-390F-4736-882C-7B3858C2503C}.Debug|Any CPU.ActiveCfg = Debug|Any CPU
		{29CE0715-390F-4736-882C-7B3858C2503C}.Debug|Any CPU.Build.0 = Debug|Any CPU
		{29CE0715-390F-4736-882C-7B3858C2503C}.Release|Any CPU.ActiveCfg = Release|Any CPU
		{29CE0715-390F-4736-882C-7B3858C2503C}.Release|Any CPU.Build.0 = Release|Any CPU
	EndGlobalSection
	GlobalSection(SolutionProperties) = preSolution
		HideSolutionNode = FALSE
	EndGlobalSection
	GlobalSection(ExtensibilityGlobals) = postSolution
		SolutionGuid = {BA434711-F89F-4BC8-B7F6-FA66E064424C}
	EndGlobalSection
EndGlobal
