
Microsoft Visual Studio Solution File, Format Version 12.00
# Visual Studio Version 16
VisualStudioVersion = 16.0.30523.141
MinimumVisualStudioVersion = 10.0.40219.1
Project("{FAE04EC0-301F-11D3-BF4B-00C04F79EFBC}") = "lab_3", "lab_3\lab_3.csproj", "{CAF3CBE1-68BB-45B9-B328-5D747D070078}"
EndProject
Global
	GlobalSection(SolutionConfigurationPlatforms) = preSolution
		Debug|Any CPU = Debug|Any CPU
		Release|Any CPU = Release|Any CPU
	EndGlobalSection
	GlobalSection(ProjectConfigurationPlatforms) = postSolution
		{CAF3CBE1-68BB-45B9-B328-5D747D070078}.Debug|Any CPU.ActiveCfg = Debug|Any CPU
		{CAF3CBE1-68BB-45B9-B328-5D747D070078}.Debug|Any CPU.Build.0 = Debug|Any CPU
		{CAF3CBE1-68BB-45B9-B328-5D747D070078}.Release|Any CPU.ActiveCfg = Release|Any CPU
		{CAF3CBE1-68BB-45B9-B328-5D747D070078}.Release|Any CPU.Build.0 = Release|Any CPU
	EndGlobalSection
	GlobalSection(SolutionProperties) = preSolution
		HideSolutionNode = FALSE
	EndGlobalSection
	GlobalSection(ExtensibilityGlobals) = postSolution
		SolutionGuid = {B9A6A0B7-23DD-44A6-8CE5-45DA441EE639}
	EndGlobalSection
EndGlobal
