
Microsoft Visual Studio Solution File, Format Version 12.00
# Visual Studio Version 16
VisualStudioVersion = 16.0.30523.141
MinimumVisualStudioVersion = 10.0.40219.1
Project("{FAE04EC0-301F-11D3-BF4B-00C04F79EFBC}") = "lab11_Maliuk_Vadym", "lab11_Maliuk_Vadym\lab11_Maliuk_Vadym.csproj", "{430CD460-0E54-4449-92AB-A8B950502FBA}"
EndProject
Global
	GlobalSection(SolutionConfigurationPlatforms) = preSolution
		Debug|Any CPU = Debug|Any CPU
		Release|Any CPU = Release|Any CPU
	EndGlobalSection
	GlobalSection(ProjectConfigurationPlatforms) = postSolution
		{430CD460-0E54-4449-92AB-A8B950502FBA}.Debug|Any CPU.ActiveCfg = Debug|Any CPU
		{430CD460-0E54-4449-92AB-A8B950502FBA}.Debug|Any CPU.Build.0 = Debug|Any CPU
		{430CD460-0E54-4449-92AB-A8B950502FBA}.Release|Any CPU.ActiveCfg = Release|Any CPU
		{430CD460-0E54-4449-92AB-A8B950502FBA}.Release|Any CPU.Build.0 = Release|Any CPU
	EndGlobalSection
	GlobalSection(SolutionProperties) = preSolution
		HideSolutionNode = FALSE
	EndGlobalSection
	GlobalSection(ExtensibilityGlobals) = postSolution
		SolutionGuid = {5DD21D01-FDA8-4F0B-9730-B6C3DBD8B623}
	EndGlobalSection
EndGlobal
