
Microsoft Visual Studio Solution File, Format Version 12.00
# Visual Studio Version 16
VisualStudioVersion = 16.0.30523.141
MinimumVisualStudioVersion = 10.0.40219.1
Project("{FAE04EC0-301F-11D3-BF4B-00C04F79EFBC}") = "Wpf_lab9", "Wpf_lab9\Wpf_lab9.csproj", "{CDFBA751-4A32-429B-BCC8-D8CAB3742027}"
EndProject
Global
	GlobalSection(SolutionConfigurationPlatforms) = preSolution
		Debug|Any CPU = Debug|Any CPU
		Release|Any CPU = Release|Any CPU
	EndGlobalSection
	GlobalSection(ProjectConfigurationPlatforms) = postSolution
		{CDFBA751-4A32-429B-BCC8-D8CAB3742027}.Debug|Any CPU.ActiveCfg = Debug|Any CPU
		{CDFBA751-4A32-429B-BCC8-D8CAB3742027}.Debug|Any CPU.Build.0 = Debug|Any CPU
		{CDFBA751-4A32-429B-BCC8-D8CAB3742027}.Release|Any CPU.ActiveCfg = Release|Any CPU
		{CDFBA751-4A32-429B-BCC8-D8CAB3742027}.Release|Any CPU.Build.0 = Release|Any CPU
	EndGlobalSection
	GlobalSection(SolutionProperties) = preSolution
		HideSolutionNode = FALSE
	EndGlobalSection
	GlobalSection(ExtensibilityGlobals) = postSolution
		SolutionGuid = {4B395620-A65B-4A6A-BBA5-2C0156C38FAE}
	EndGlobalSection
EndGlobal
